
Microsoft Visual Studio Solution File, Format Version 12.00
# Visual Studio Version 17
VisualStudioVersion = 17.3.32901.215
MinimumVisualStudioVersion = 10.0.40219.1
Project("{FAE04EC0-301F-11D3-BF4B-00C04F79EFBC}") = "pragmmmmmmaaaaaaaaaaaaaaaaaaaaa", "pragmmmmmmaaaaaaaaaaaaaaaaaaaaa\pragmmmmmmaaaaaaaaaaaaaaaaaaaaa.csproj", "{EE24B1C3-CB45-4D62-A9DB-D0D3D700EE09}"
EndProject
Global
	GlobalSection(SolutionConfigurationPlatforms) = preSolution
		Debug|Any CPU = Debug|Any CPU
		Release|Any CPU = Release|Any CPU
	EndGlobalSection
	GlobalSection(ProjectConfigurationPlatforms) = postSolution
		{EE24B1C3-CB45-4D62-A9DB-D0D3D700EE09}.Debug|Any CPU.ActiveCfg = Debug|Any CPU
		{EE24B1C3-CB45-4D62-A9DB-D0D3D700EE09}.Debug|Any CPU.Build.0 = Debug|Any CPU
		{EE24B1C3-CB45-4D62-A9DB-D0D3D700EE09}.Release|Any CPU.ActiveCfg = Release|Any CPU
		{EE24B1C3-CB45-4D62-A9DB-D0D3D700EE09}.Release|Any CPU.Build.0 = Release|Any CPU
	EndGlobalSection
	GlobalSection(SolutionProperties) = preSolution
		HideSolutionNode = FALSE
	EndGlobalSection
	GlobalSection(ExtensibilityGlobals) = postSolution
		SolutionGuid = {94A21E8B-BE39-4818-B7C9-919A7FA9BD24}
	EndGlobalSection
EndGlobal
